
Microsoft Visual Studio Solution File, Format Version 12.00
# Visual Studio Version 16
VisualStudioVersion = 16.0.31105.61
MinimumVisualStudioVersion = 10.0.40219.1
Project("{9A19103F-16F7-4668-BE54-9A1E7A4F7556}") = "Rekreativci", "Rekreativci.csproj", "{DE6D46CE-B62E-4D0F-8804-1F3DE57C41BA}"
EndProject
Global
	GlobalSection(SolutionConfigurationPlatforms) = preSolution
		Debug|Any CPU = Debug|Any CPU
		Release|Any CPU = Release|Any CPU
	EndGlobalSection
	GlobalSection(ProjectConfigurationPlatforms) = postSolution
		{DE6D46CE-B62E-4D0F-8804-1F3DE57C41BA}.Debug|Any CPU.ActiveCfg = Debug|Any CPU
		{DE6D46CE-B62E-4D0F-8804-1F3DE57C41BA}.Debug|Any CPU.Build.0 = Debug|Any CPU
		{DE6D46CE-B62E-4D0F-8804-1F3DE57C41BA}.Release|Any CPU.ActiveCfg = Release|Any CPU
		{DE6D46CE-B62E-4D0F-8804-1F3DE57C41BA}.Release|Any CPU.Build.0 = Release|Any CPU
	EndGlobalSection
	GlobalSection(SolutionProperties) = preSolution
		HideSolutionNode = FALSE
	EndGlobalSection
	GlobalSection(ExtensibilityGlobals) = postSolution
		SolutionGuid = {DDC8D1F9-3728-4091-9821-2954A4EE65FB}
	EndGlobalSection
EndGlobal
